
Microsoft Visual Studio Solution File, Format Version 12.00
# Visual Studio Version 17
VisualStudioVersion = 17.11.35327.3
MinimumVisualStudioVersion = 10.0.40219.1
Project("{FAE04EC0-301F-11D3-BF4B-00C04F79EFBC}") = "Rahma_hitungluas", "nama_hitungluas\Rahma_hitungluas.csproj", "{BC4C941D-8352-41C5-8EB7-3B161214E252}"
EndProject
Global
	GlobalSection(SolutionConfigurationPlatforms) = preSolution
		Debug|Any CPU = Debug|Any CPU
		Release|Any CPU = Release|Any CPU
	EndGlobalSection
	GlobalSection(ProjectConfigurationPlatforms) = postSolution
		{BC4C941D-8352-41C5-8EB7-3B161214E252}.Debug|Any CPU.ActiveCfg = Debug|Any CPU
		{BC4C941D-8352-41C5-8EB7-3B161214E252}.Debug|Any CPU.Build.0 = Debug|Any CPU
		{BC4C941D-8352-41C5-8EB7-3B161214E252}.Release|Any CPU.ActiveCfg = Release|Any CPU
		{BC4C941D-8352-41C5-8EB7-3B161214E252}.Release|Any CPU.Build.0 = Release|Any CPU
	EndGlobalSection
	GlobalSection(SolutionProperties) = preSolution
		HideSolutionNode = FALSE
	EndGlobalSection
	GlobalSection(ExtensibilityGlobals) = postSolution
		SolutionGuid = {DDDDF263-0F54-44E4-83F2-8DA56A414E30}
	EndGlobalSection
EndGlobal
